dependencies:
- name: nginx
  repository: https://charts.bitnami.com/bitnami
  version: 25.0.2
- name: redis
  repository: https://charts.bitnami.com/bitnami
  version: 20.6.2
digest: sha256:647582ad01d338e8781f81b040f84ae8e85b1a49454e942aa145df8cd09e688a
generated: "2026-08-12T09:31:02.110654972Z"
